# THIS IS AN AUTOGENERATED FILE. DO NOT EDIT THIS FILE DIRECTLY.
# yarn lockfile v1


"@ant-design/colors@^6.0.0":
  version "6.0.0"
  resolved "https://registry.npm.taobao.org/@ant-design/colors/download/@ant-design/colors-6.0.0.tgz?cache=0&sync_timestamp=1612935512117&other_urls=https%3A%2F%2Fregistry.npm.taobao.org%2F%40ant-design%2Fcolors%2Fdownload%2F%40ant-design%2Fcolors-6.0.0.tgz#9b9366257cffcc47db42b9d0203bb592c13c0298"
  integrity sha1-m5NmJXz/zEfbQrnQIDu1ksE8Apg=
  dependencies:
    "@ctrl/tinycolor" "^3.4.0"

"@ant-design/icons-svg@^4.0.0":
  version "4.1.0"
  resolved "https://registry.npm.taobao.org/@ant-design/icons-svg/download/@ant-design/icons-svg-4.1.0.tgz#480b025f4b20ef7fe8f47d4a4846e4fee84ea06c"
  integrity sha1-SAsCX0sg73/o9H1KSEbk/uhOoGw=

"@ant-design/icons@^4.6.2":
  version "4.6.2"
  resolved "https://registry.npm.taobao.org/@ant-design/icons/download/@ant-design/icons-4.6.2.tgz#290f2e8cde505ab081fda63e511e82d3c48be982"
  integrity sha1-KQ8ujN5QWrCB/aY+UR6C08SL6YI=
  dependencies:
    "@ant-design/colors" "^6.0.0"
    "@ant-design/icons-svg" "^4.0.0"
    "@babel/runtime" "^7.11.2"
    classnames "^2.2.6"
    rc-util "^5.9.4"

"@babel/runtime@^7.11.2", "@babel/runtime@^7.12.5":
  version "7.14.0"
  resolved "https://registry.nlark.com/@babel/runtime/download/@babel/runtime-7.14.0.tgz?cache=0&sync_timestamp=1619727501090&other_urls=https%3A%2F%2Fregistry.nlark.com%2F%40babel%2Fruntime%2Fdownload%2F%40babel%2Fruntime-7.14.0.tgz#46794bc20b612c5f75e62dd071e24dfd95f1cbe6"
  integrity sha1-RnlLwgthLF915i3QceJN/ZXxy+Y=
  dependencies:
    regenerator-runtime "^0.13.4"

"@ctrl/tinycolor@^3.4.0":
  version "3.4.0"
  resolved "https://registry.npm.taobao.org/@ctrl/tinycolor/download/@ctrl/tinycolor-3.4.0.tgz#c3c5ae543c897caa9c2a68630bed355be5f9990f"
  integrity sha1-w8WuVDyJfKqcKmhjC+01W+X5mQ8=

classnames@^2.2.6:
  version "2.3.1"
  resolved "https://registry.nlark.com/classnames/download/classnames-2.3.1.tgz?cache=0&sync_timestamp=1618846966125&other_urls=https%3A%2F%2Fregistry.nlark.com%2Fclassnames%2Fdownload%2Fclassnames-2.3.1.tgz#dfcfa3891e306ec1dad105d0e88f4417b8535e8e"
  integrity sha1-38+jiR4wbsHa0QXQ6I9EF7hTXo4=

rc-util@^5.9.4:
  version "5.13.1"
  resolved "https://registry.nlark.com/rc-util/download/rc-util-5.13.1.tgz#03e74955b5c46a58cbc6236e4d30dd462c755290"
  integrity sha1-A+dJVbXEaljLxiNuTTDdRix1UpA=
  dependencies:
    "@babel/runtime" "^7.12.5"
    react-is "^16.12.0"
    shallowequal "^1.1.0"

react-is@^16.12.0:
  version "16.13.1"
  resolved "https://registry.nlark.com/react-is/download/react-is-16.13.1.tgz?cache=0&sync_timestamp=1622564681987&other_urls=https%3A%2F%2Fregistry.nlark.com%2Freact-is%2Fdownload%2Freact-is-16.13.1.tgz#789729a4dc36de2999dc156dd6c1d9c18cea56a4"
  integrity sha1-eJcppNw23imZ3BVt1sHZwYzqVqQ=

regenerator-runtime@^0.13.4:
  version "0.13.7"
  resolved "https://registry.npm.taobao.org/regenerator-runtime/download/regenerator-runtime-0.13.7.tgz#cac2dacc8a1ea675feaabaeb8ae833898ae46f55"
  integrity sha1-ysLazIoepnX+qrrriugziYrkb1U=

shallowequal@^1.1.0:
  version "1.1.0"
  resolved "https://registry.npm.taobao.org/shallowequal/download/shallowequal-1.1.0.tgz#188d521de95b9087404fd4dcb68b13df0ae4e7f8"
  integrity sha1-GI1SHelbkIdAT9TctosT3wrk5/g=
